Microsoft Visual Studio Solution File, Format Version 10.00
# Visual Studio 2008
Project("{F184B08F-C81C-45F6-A57F-5ABD9991F28F}") = "SoftBackupAuto", "SoftBackupAuto.vbproj", "{ACE6E8A8-EB2F-4744-8ED3-0A193A4273E5}"
EndProject
Global
	GlobalSection(SourceCodeControl) = preSolution
		SccNumberOfProjects = 2
		SccLocalPath0 = .
		SccProjectUniqueName1 = SoftBackupAuto.vbproj
		SccLocalPath1 = .
	EndGlobalSection
	GlobalSection(SolutionConfigurationPlatforms) = preSolution
		Debug|Any CPU = Debug|Any CPU
		Release|Any CPU = Release|Any CPU
	EndGlobalSection
	GlobalSection(ProjectConfigurationPlatforms) = postSolution
		{ACE6E8A8-EB2F-4744-8ED3-0A193A4273E5}.Debug|Any CPU.ActiveCfg = Debug|Any CPU
		{ACE6E8A8-EB2F-4744-8ED3-0A193A4273E5}.Debug|Any CPU.Build.0 = Debug|Any CPU
		{ACE6E8A8-EB2F-4744-8ED3-0A193A4273E5}.Release|Any CPU.ActiveCfg = Release|Any CPU
		{ACE6E8A8-EB2F-4744-8ED3-0A193A4273E5}.Release|Any CPU.Build.0 = Release|Any CPU
	EndGlobalSection
	GlobalSection(SolutionProperties) = preSolution
		HideSolutionNode = FALSE
	EndGlobalSection
EndGlobal
